
Microsoft Visual Studio Solution File, Format Version 12.00
# Visual Studio Version 16
VisualStudioVersion = 16.0.31005.135
MinimumVisualStudioVersion = 10.0.40219.1
Project("{9A19103F-16F7-4668-BE54-9A1E7A4F7556}") = "Task_One", "Task_One\Task_One.csproj", "{3443ED51-47C1-4EE0-846A-5B06814264A3}"
EndProject
Project("{FAE04EC0-301F-11D3-BF4B-00C04F79EFBC}") = "Task_One_V2", "Task_One_V2\Task_One_V2.csproj", "{99C479A7-579D-447F-9F93-B9EA3D41D5C1}"
EndProject
Project("{FAE04EC0-301F-11D3-BF4B-00C04F79EFBC}") = "Task_One_V3", "Task_One_V3\Task_One_V3.csproj", "{B49FF842-8D1A-4B3A-BA28-A8965B82FAFF}"
EndProject
Global
	GlobalSection(SolutionConfigurationPlatforms) = preSolution
		Debug|Any CPU = Debug|Any CPU
		Release|Any CPU = Release|Any CPU
	EndGlobalSection
	GlobalSection(ProjectConfigurationPlatforms) = postSolution
		{3443ED51-47C1-4EE0-846A-5B06814264A3}.Debug|Any CPU.ActiveCfg = Debug|Any CPU
		{3443ED51-47C1-4EE0-846A-5B06814264A3}.Debug|Any CPU.Build.0 = Debug|Any CPU
		{3443ED51-47C1-4EE0-846A-5B06814264A3}.Release|Any CPU.ActiveCfg = Release|Any CPU
		{3443ED51-47C1-4EE0-846A-5B06814264A3}.Release|Any CPU.Build.0 = Release|Any CPU
		{99C479A7-579D-447F-9F93-B9EA3D41D5C1}.Debug|Any CPU.ActiveCfg = Debug|Any CPU
		{99C479A7-579D-447F-9F93-B9EA3D41D5C1}.Debug|Any CPU.Build.0 = Debug|Any CPU
		{99C479A7-579D-447F-9F93-B9EA3D41D5C1}.Release|Any CPU.ActiveCfg = Release|Any CPU
		{99C479A7-579D-447F-9F93-B9EA3D41D5C1}.Release|Any CPU.Build.0 = Release|Any CPU
		{B49FF842-8D1A-4B3A-BA28-A8965B82FAFF}.Debug|Any CPU.ActiveCfg = Debug|Any CPU
		{B49FF842-8D1A-4B3A-BA28-A8965B82FAFF}.Debug|Any CPU.Build.0 = Debug|Any CPU
		{B49FF842-8D1A-4B3A-BA28-A8965B82FAFF}.Release|Any CPU.ActiveCfg = Release|Any CPU
		{B49FF842-8D1A-4B3A-BA28-A8965B82FAFF}.Release|Any CPU.Build.0 = Release|Any CPU
	EndGlobalSection
	GlobalSection(SolutionProperties) = preSolution
		HideSolutionNode = FALSE
	EndGlobalSection
	GlobalSection(ExtensibilityGlobals) = postSolution
		SolutionGuid = {11D83F43-BDE9-4C7E-A127-396A9D503A49}
	EndGlobalSection
EndGlobal
